
Microsoft Visual Studio Solution File, Format Version 12.00
# Visual Studio Version 16
VisualStudioVersion = 16.0.29009.5
MinimumVisualStudioVersion = 10.0.40219.1
Project("{FAE04EC0-301F-11D3-BF4B-00C04F79EFBC}") = "E_Commerce_MVC_Entity", "E_Commerce_MVC_Entity\E_Commerce_MVC_Entity.csproj", "{F6D3B0EF-A5ED-4B7A-80FE-3D17A1FB6E13}"
EndProject
Global
	GlobalSection(SolutionConfigurationPlatforms) = preSolution
		Debug|Any CPU = Debug|Any CPU
		Release|Any CPU = Release|Any CPU
	EndGlobalSection
	GlobalSection(ProjectConfigurationPlatforms) = postSolution
		{F6D3B0EF-A5ED-4B7A-80FE-3D17A1FB6E13}.Debug|Any CPU.ActiveCfg = Debug|Any CPU
		{F6D3B0EF-A5ED-4B7A-80FE-3D17A1FB6E13}.Debug|Any CPU.Build.0 = Debug|Any CPU
		{F6D3B0EF-A5ED-4B7A-80FE-3D17A1FB6E13}.Release|Any CPU.ActiveCfg = Release|Any CPU
		{F6D3B0EF-A5ED-4B7A-80FE-3D17A1FB6E13}.Release|Any CPU.Build.0 = Release|Any CPU
	EndGlobalSection
	GlobalSection(SolutionProperties) = preSolution
		HideSolutionNode = FALSE
	EndGlobalSection
	GlobalSection(ExtensibilityGlobals) = postSolution
		SolutionGuid = {4C08288E-085D-405B-81C7-CA0C837766A9}
	EndGlobalSection
EndGlobal
